
Microsoft Visual Studio Solution File, Format Version 12.00
# Visual Studio Version 17
VisualStudioVersion = 17.11.35303.130
MinimumVisualStudioVersion = 10.0.40219.1
Project("{FAE04EC0-301F-11D3-BF4B-00C04F79EFBC}") = "DotNetDebugging", "DotNetDebugging\DotNetDebugging.csproj", "{9FDDD350-3DAE-464B-84C0-C5898A934346}"
EndProject
Global
	GlobalSection(SolutionConfigurationPlatforms) = preSolution
		Debug|Any CPU = Debug|Any CPU
		Release|Any CPU = Release|Any CPU
	EndGlobalSection
	GlobalSection(ProjectConfigurationPlatforms) = postSolution
		{9FDDD350-3DAE-464B-84C0-C5898A934346}.Debug|Any CPU.ActiveCfg = Debug|Any CPU
		{9FDDD350-3DAE-464B-84C0-C5898A934346}.Debug|Any CPU.Build.0 = Debug|Any CPU
		{9FDDD350-3DAE-464B-84C0-C5898A934346}.Release|Any CPU.ActiveCfg = Release|Any CPU
		{9FDDD350-3DAE-464B-84C0-C5898A934346}.Release|Any CPU.Build.0 = Release|Any CPU
	EndGlobalSection
	GlobalSection(SolutionProperties) = preSolution
		HideSolutionNode = FALSE
	EndGlobalSection
	GlobalSection(ExtensibilityGlobals) = postSolution
		SolutionGuid = {7D0ECE28-01B4-40BB-975B-74D6526133D7}
	EndGlobalSection
EndGlobal
